// !$*UTF8*$!
{
	archiveVersion = 1;
	classes = {
	};
	objectVersion = 56;
	objects = {

/* Begin PBXBuildFile section */
		18277BB12D6E201C0033F5C0 /* Plan_With_MeApp.swift in Sources */ = {isa = PBXBuildFile; fileRef = 18277BB02D6E201C0033F5C0 /* Plan_With_MeApp.swift */; };
		18277BB32D6E201C0033F5C0 /* ContentView.swift in Sources */ = {isa = PBXBuildFile; fileRef = 18277BB22D6E201C0033F5C0 /* ContentView.swift */; };
		18277BB52D6E201D0033F5C0 /* Assets.xcassets in Resources */ = {isa = PBXBuildFile; fileRef = 18277BB42D6E201D0033F5C0 /* Assets.xcassets */; };
		18277BB82D6E201D0033F5C0 /* Preview Assets.xcassets in Resources */ = {isa = PBXBuildFile; fileRef = 18277BB72D6E201D0033F5C0 /* Preview Assets.xcassets */; };
		18277BBF2D6E2BF30033F5C0 /* CreateNewPlan.swift in Sources */ = {isa = PBXBuildFile; fileRef = 18277BBE2D6E2BF30033F5C0 /* CreateNewPlan.swift */; };
		18277BC12D6E3A560033F5C0 /* WeekPlanner.swift in Sources */ = {isa = PBXBuildFile; fileRef = 18277BC02D6E3A550033F5C0 /* WeekPlanner.swift */; };
		18277BC32D6E49D00033F5C0 /* CreateNewWeekPlan.swift in Sources */ = {isa = PBXBuildFile; fileRef = 18277BC22D6E49D00033F5C0 /* CreateNewWeekPlan.swift */; };
		189ADB6A2D6E4C47003ECE26 /* Must_do.swift in Sources */ = {isa = PBXBuildFile; fileRef = 189ADB692D6E4C47003ECE26 /* Must_do.swift */; };
		189ADB6C2D6E4E95003ECE26 /* CreateNewRoutine.swift in Sources */ = {isa = PBXBuildFile; fileRef = 189ADB6B2D6E4E95003ECE26 /* CreateNewRoutine.swift */; };
		2E21774D2D808EB9008996EA /* Model.xcdatamodeld in Sources */ = {isa = PBXBuildFile; fileRef = 2E21774B2D808EB9008996EA /* Model.xcdatamodeld */; };
		2E21774F2D808EF6008996EA /* DataController.swift in Sources */ = {isa = PBXBuildFile; fileRef = 2E21774E2D808EF6008996EA /* DataController.swift */; };
		2E2177522D808F89008996EA /* DailyPlanner+CoreDataClass.swift in Sources */ = {isa = PBXBuildFile; fileRef = 2E2177502D808F89008996EA /* DailyPlanner+CoreDataClass.swift */; };
		2E2177532D808F89008996EA /* DailyPlanner+CoreDataProperties.swift in Sources */ = {isa = PBXBuildFile; fileRef = 2E2177512D808F89008996EA /* DailyPlanner+CoreDataProperties.swift */; };
		2E2177552D809DA3008996EA /* UIColor.swift in Sources */ = {isa = PBXBuildFile; fileRef = 2E2177542D809DA3008996EA /* UIColor.swift */; };
/* End PBXBuildFile section */

/* Begin PBXFileReference section */
		18277BAD2D6E201C0033F5C0 /* Plan_With_Me.app */ = {isa = PBXFileReference; explicitFileType = wrapper.application; includeInIndex = 0; path = Plan_With_Me.app; sourceTree = BUILT_PRODUCTS_DIR; };
		18277BB02D6E201C0033F5C0 /* Plan_With_MeApp.swift */ = {isa = PBXFileReference; lastKnownFileType = sourcecode.swift; path = Plan_With_MeApp.swift; sourceTree = "<group>"; };
		18277BB22D6E201C0033F5C0 /* ContentView.swift */ = {isa = PBXFileReference; lastKnownFileType = sourcecode.swift; path = ContentView.swift; sourceTree = "<group>"; };
		18277BB42D6E201D0033F5C0 /* Assets.xcassets */ = {isa = PBXFileReference; lastKnownFileType = folder.assetcatalog; path = Assets.xcassets; sourceTree = "<group>"; };
		18277BB72D6E201D0033F5C0 /* Preview Assets.xcassets */ = {isa = PBXFileReference; lastKnownFileType = folder.assetcatalog; path = "Preview Assets.xcassets"; sourceTree = "<group>"; };
		18277BBE2D6E2BF30033F5C0 /* CreateNewPlan.swift */ = {isa = PBXFileReference; lastKnownFileType = sourcecode.swift; path = CreateNewPlan.swift; sourceTree = "<group>"; };
		18277BC02D6E3A550033F5C0 /* WeekPlanner.swift */ = {isa = PBXFileReference; lastKnownFileType = sourcecode.swift; path = WeekPlanner.swift; sourceTree = "<group>"; };
		18277BC22D6E49D00033F5C0 /* CreateNewWeekPlan.swift */ = {isa = PBXFileReference; lastKnownFileType = sourcecode.swift; path = CreateNewWeekPlan.swift; sourceTree = "<group>"; };
		189ADB692D6E4C47003ECE26 /* Must_do.swift */ = {isa = PBXFileReference; lastKnownFileType = sourcecode.swift; path = Must_do.swift; sourceTree = "<group>"; };
		189ADB6B2D6E4E95003ECE26 /* CreateNewRoutine.swift */ = {isa = PBXFileReference; lastKnownFileType = sourcecode.swift; path = CreateNewRoutine.swift; sourceTree = "<group>"; };
		2E21774C2D808EB9008996EA /* Model.xcdatamodel */ = {isa = PBXFileReference; lastKnownFileType = wrapper.xcdatamodel; path = Model.xcdatamodel; sourceTree = "<group>"; };
		2E21774E2D808EF6008996EA /* DataController.swift */ = {isa = PBXFileReference; lastKnownFileType = sourcecode.swift; path = DataController.swift; sourceTree = "<group>"; };
		2E2177502D808F89008996EA /* DailyPlanner+CoreDataClass.swift */ = {isa = PBXFileReference; lastKnownFileType = sourcecode.swift; path = "DailyPlanner+CoreDataClass.swift"; sourceTree = "<group>"; };
		2E2177512D808F89008996EA /* DailyPlanner+CoreDataProperties.swift */ = {isa = PBXFileReference; lastKnownFileType = sourcecode.swift; path = "DailyPlanner+CoreDataProperties.swift"; sourceTree = "<group>"; };
		2E2177542D809DA3008996EA /* UIColor.swift */ = {isa = PBXFileReference; lastKnownFileType = sourcecode.swift; path = UIColor.swift; sourceTree = "<group>"; };
/* End PBXFileReference section */

/* Begin PBXFrameworksBuildPhase section */
		18277BAA2D6E201C0033F5C0 /* Frameworks */ = {
			isa = PBXFrameworksBuildPhase;
			buildActionMask = 2147483647;
			files = (
			);
			runOnlyForDeploymentPostprocessing = 0;
		};
/* End PBXFrameworksBuildPhase section */

/* Begin PBXGroup section */
		18277BA42D6E201C0033F5C0 = {
			isa = PBXGroup;
			children = (
				18277BAF2D6E201C0033F5C0 /* Plan_With_Me */,
				18277BAE2D6E201C0033F5C0 /* Products */,
			);
			sourceTree = "<group>";
		};
		18277BAE2D6E201C0033F5C0 /* Products */ = {
			isa = PBXGroup;
			children = (
				18277BAD2D6E201C0033F5C0 /* Plan_With_Me.app */,
			);
			name = Products;
			sourceTree = "<group>";
		};
		18277BAF2D6E201C0033F5C0 /* Plan_With_Me */ = {
			isa = PBXGroup;
			children = (
				18277BB02D6E201C0033F5C0 /* Plan_With_MeApp.swift */,
				18277BB22D6E201C0033F5C0 /* ContentView.swift */,
				18277BB42D6E201D0033F5C0 /* Assets.xcassets */,
				18277BB62D6E201D0033F5C0 /* Preview Content */,
				18277BC02D6E3A550033F5C0 /* WeekPlanner.swift */,
				18277BBE2D6E2BF30033F5C0 /* CreateNewPlan.swift */,
				2E2177542D809DA3008996EA /* UIColor.swift */,
				18277BC22D6E49D00033F5C0 /* CreateNewWeekPlan.swift */,
				189ADB692D6E4C47003ECE26 /* Must_do.swift */,
				189ADB6B2D6E4E95003ECE26 /* CreateNewRoutine.swift */,
				2E2177502D808F89008996EA /* DailyPlanner+CoreDataClass.swift */,
				2E2177512D808F89008996EA /* DailyPlanner+CoreDataProperties.swift */,
				2E21774B2D808EB9008996EA /* Model.xcdatamodeld */,
				2E21774E2D808EF6008996EA /* DataController.swift */,
			);
			path = Plan_With_Me;
			sourceTree = "<group>";
		};
		18277BB62D6E201D0033F5C0 /* Preview Content */ = {
			isa = PBXGroup;
			children = (
				18277BB72D6E201D0033F5C0 /* Preview Assets.xcassets */,
			);
			path = "Preview Content";
			sourceTree = "<group>";
		};
/* End PBXGroup section */

/* Begin PBXNativeTarget section */
		18277BAC2D6E201C0033F5C0 /* Plan_With_Me */ = {
			isa = PBXNativeTarget;
			buildConfigurationList = 18277BBB2D6E201D0033F5C0 /* Build configuration list for PBXNativeTarget "Plan_With_Me" */;
			buildPhases = (
				18277BA92D6E201C0033F5C0 /* Sources */,
				18277BAA2D6E201C0033F5C0 /* Frameworks */,
				18277BAB2D6E201C0033F5C0 /* Resources */,
			);
			buildRules = (
			);
			dependencies = (
			);
			name = Plan_With_Me;
			productName = Plan_With_Me;
			productReference = 18277BAD2D6E201C0033F5C0 /* Plan_With_Me.app */;
			productType = "com.apple.product-type.application";
		};
/* End PBXNativeTarget section */

/* Begin PBXProject section */
		18277BA52D6E201C0033F5C0 /* Project object */ = {
			isa = PBXProject;
			attributes = {
				BuildIndependentTargetsInParallel = 1;
				LastSwiftUpdateCheck = 1420;
				LastUpgradeCheck = 1420;
				TargetAttributes = {
					18277BAC2D6E201C0033F5C0 = {
						CreatedOnToolsVersion = 14.2;
					};
				};
			};
			buildConfigurationList = 18277BA82D6E201C0033F5C0 /* Build configuration list for PBXProject "Plan_With_Me" */;
			compatibilityVersion = "Xcode 14.0";
			developmentRegion = en;
			hasScannedForEncodings = 0;
			knownRegions = (
				en,
				Base,
			);
			mainGroup = 18277BA42D6E201C0033F5C0;
			productRefGroup = 18277BAE2D6E201C0033F5C0 /* Products */;
			projectDirPath = "";
			projectRoot = "";
			targets = (
				18277BAC2D6E201C0033F5C0 /* Plan_With_Me */,
			);
		};
/* End PBXProject section */

/* Begin PBXResourcesBuildPhase section */
		18277BAB2D6E201C0033F5C0 /* Resources */ = {
			isa = PBXResourcesBuildPhase;
			buildActionMask = 2147483647;
			files = (
				18277BB82D6E201D0033F5C0 /* Preview Assets.xcassets in Resources */,
				18277BB52D6E201D0033F5C0 /* Assets.xcassets in Resources */,
			);
			runOnlyForDeploymentPostprocessing = 0;
		};
/* End PBXResourcesBuildPhase section */

/* Begin PBXSourcesBuildPhase section */
		18277BA92D6E201C0033F5C0 /* Sources */ = {
			isa = PBXSourcesBuildPhase;
			buildActionMask = 2147483647;
			files = (
				18277BC32D6E49D00033F5C0 /* CreateNewWeekPlan.swift in Sources */,
				2E2177552D809DA3008996EA /* UIColor.swift in Sources */,
				189ADB6A2D6E4C47003ECE26 /* Must_do.swift in Sources */,
				2E2177532D808F89008996EA /* DailyPlanner+CoreDataProperties.swift in Sources */,
				18277BC12D6E3A560033F5C0 /* WeekPlanner.swift in Sources */,
				2E21774D2D808EB9008996EA /* Model.xcdatamodeld in Sources */,
				2E2177522D808F89008996EA /* DailyPlanner+CoreDataClass.swift in Sources */,
				2E21774F2D808EF6008996EA /* DataController.swift in Sources */,
				18277BB32D6E201C0033F5C0 /* ContentView.swift in Sources */,
				18277BB12D6E201C0033F5C0 /* Plan_With_MeApp.swift in Sources */,
				189ADB6C2D6E4E95003ECE26 /* CreateNewRoutine.swift in Sources */,
				18277BBF2D6E2BF30033F5C0 /* CreateNewPlan.swift in Sources */,
			);
			runOnlyForDeploymentPostprocessing = 0;
		};
/* End PBXSourcesBuildPhase section */

/* Begin XCBuildConfiguration section */
		18277BB92D6E201D0033F5C0 /* Debug */ = {
			isa = XCBuildConfiguration;
			buildSettings = {
				ALWAYS_SEARCH_USER_PATHS = NO;
				CLANG_ANALYZER_NONNULL = YES;
				CLANG_ANALYZER_NUMBER_OBJECT_CONVERSION = YES_AGGRESSIVE;
				CLANG_CXX_LANGUAGE_STANDARD = "gnu++20";
				CLANG_ENABLE_MODULES = YES;
				CLANG_ENABLE_OBJC_ARC = YES;
				CLANG_ENABLE_OBJC_WEAK = YES;
				CLANG_WARN_BLOCK_CAPTURE_AUTORELEASING = YES;
				CLANG_WARN_BOOL_CONVERSION = YES;
				CLANG_WARN_COMMA = YES;
				CLANG_WARN_CONSTANT_CONVERSION = YES;
				CLANG_WARN_DEPRECATED_OBJC_IMPLEMENTATIONS = YES;
				CLANG_WARN_DIRECT_OBJC_ISA_USAGE = YES_ERROR;
				CLANG_WARN_DOCUMENTATION_COMMENTS = YES;
				CLANG_WARN_EMPTY_BODY = YES;
				CLANG_WARN_ENUM_CONVERSION = YES;
				CLANG_WARN_INFINITE_RECURSION = YES;
				CLANG_WARN_INT_CONVERSION = YES;
				CLANG_WARN_NON_LITERAL_NULL_CONVERSION = YES;
				CLANG_WARN_OBJC_IMPLICIT_RETAIN_SELF = YES;
				CLANG_WARN_OBJC_LITERAL_CONVERSION = YES;
				CLANG_WARN_OBJC_ROOT_CLASS = YES_ERROR;
				CLANG_WARN_QUOTED_INCLUDE_IN_FRAMEWORK_HEADER = YES;
				CLANG_WARN_RANGE_LOOP_ANALYSIS = YES;
				CLANG_WARN_STRICT_PROTOTYPES = YES;
				CLANG_WARN_SUSPICIOUS_MOVE = YES;
				CLANG_WARN_UNGUARDED_AVAILABILITY = YES_AGGRESSIVE;
				CLANG_WARN_UNREACHABLE_CODE = YES;
				CLANG_WARN__DUPLICATE_METHOD_MATCH = YES;
				COPY_PHASE_STRIP = NO;
				DEBUG_INFORMATION_FORMAT = dwarf;
				ENABLE_STRICT_OBJC_MSGSEND = YES;
				ENABLE_TESTABILITY = YES;
				GCC_C_LANGUAGE_STANDARD = gnu11;
				GCC_DYNAMIC_NO_PIC = NO;
				GCC_NO_COMMON_BLOCKS = YES;
				GCC_OPTIMIZATION_LEVEL = 0;
				GCC_PREPROCESSOR_DEFINITIONS = (
					"DEBUG=1",
					"$(inherited)",
				);
				GCC_WARN_64_TO_32_BIT_CONVERSION = YES;
				GCC_WARN_ABOUT_RETURN_TYPE = YES_ERROR;
				GCC_WARN_UNDECLARED_SELECTOR = YES;
				GCC_WARN_UNINITIALIZED_AUTOS = YES_AGGRESSIVE;
				GCC_WARN_UNUSED_FUNCTION = YES;
				GCC_WARN_UNUSED_VARIABLE = YES;
				IPHONEOS_DEPLOYMENT_TARGET = 16.2;
				MTL_ENABLE_DEBUG_INFO = INCLUDE_SOURCE;
				MTL_FAST_MATH = YES;
				ONLY_ACTIVE_ARCH = YES;
				SDKROOT = iphoneos;
				SWIFT_ACTIVE_COMPILATION_CONDITIONS = DEBUG;
				SWIFT_OPTIMIZATION_LEVEL = "-Onone";
			};
			name = Debug;
		};
		18277BBA2D6E201D0033F5C0 /* Release */ = {
			isa = XCBuildConfiguration;
			buildSettings = {
				ALWAYS_SEARCH_USER_PATHS = NO;
				CLANG_ANALYZER_NONNULL = YES;
				CLANG_ANALYZER_NUMBER_OBJECT_CONVERSION = YES_AGGRESSIVE;
				CLANG_CXX_LANGUAGE_STANDARD = "gnu++20";
				CLANG_ENABLE_MODULES = YES;
				CLANG_ENABLE_OBJC_ARC = YES;
				CLANG_ENABLE_OBJC_WEAK = YES;
				CLANG_WARN_BLOCK_CAPTURE_AUTORELEASING = YES;
				CLANG_WARN_BOOL_CONVERSION = YES;
				CLANG_WARN_COMMA = YES;
				CLANG_WARN_CONSTANT_CONVERSION = YES;
				CLANG_WARN_DEPRECATED_OBJC_IMPLEMENTATIONS = YES;
				CLANG_WARN_DIRECT_OBJC_ISA_USAGE = YES_ERROR;
				CLANG_WARN_DOCUMENTATION_COMMENTS = YES;
				CLANG_WARN_EMPTY_BODY = YES;
				CLANG_WARN_ENUM_CONVERSION = YES;
				CLANG_WARN_INFINITE_RECURSION = YES;
				CLANG_WARN_INT_CONVERSION = YES;
				CLANG_WARN_NON_LITERAL_NULL_CONVERSION = YES;
				CLANG_WARN_OBJC_IMPLICIT_RETAIN_SELF = YES;
				CLANG_WARN_OBJC_LITERAL_CONVERSION = YES;
				CLANG_WARN_OBJC_ROOT_CLASS = YES_ERROR;
				CLANG_WARN_QUOTED_INCLUDE_IN_FRAMEWORK_HEADER = YES;
				CLANG_WARN_RANGE_LOOP_ANALYSIS = YES;
				CLANG_WARN_STRICT_PROTOTYPES = YES;
				CLANG_WARN_SUSPICIOUS_MOVE = YES;
				CLANG_WARN_UNGUARDED_AVAILABILITY = YES_AGGRESSIVE;
				CLANG_WARN_UNREACHABLE_CODE = YES;
				CLANG_WARN__DUPLICATE_METHOD_MATCH = YES;
				COPY_PHASE_STRIP = NO;
				DEBUG_INFORMATION_FORMAT = "dwarf-with-dsym";
				ENABLE_NS_ASSERTIONS = NO;
				ENABLE_STRICT_OBJC_MSGSEND = YES;
				GCC_C_LANGUAGE_STANDARD = gnu11;
				GCC_NO_COMMON_BLOCKS = YES;
				GCC_WARN_64_TO_32_BIT_CONVERSION = YES;
				GCC_WARN_ABOUT_RETURN_TYPE = YES_ERROR;
				GCC_WARN_UNDECLARED_SELECTOR = YES;
				GCC_WARN_UNINITIALIZED_AUTOS = YES_AGGRESSIVE;
				GCC_WARN_UNUSED_FUNCTION = YES;
				GCC_WARN_UNUSED_VARIABLE = YES;
				IPHONEOS_DEPLOYMENT_TARGET = 16.2;
				MTL_ENABLE_DEBUG_INFO = NO;
				MTL_FAST_MATH = YES;
				SDKROOT = iphoneos;
				SWIFT_COMPILATION_MODE = wholemodule;
				SWIFT_OPTIMIZATION_LEVEL = "-O";
				VALIDATE_PRODUCT = YES;
			};
			name = Release;
		};
		18277BBC2D6E201D0033F5C0 /* Debug */ = {
			isa = XCBuildConfiguration;
			buildSettings = {
				ASSETCATALOG_COMPILER_APPICON_NAME = AppIcon;
				ASSETCATALOG_COMPILER_GLOBAL_ACCENT_COLOR_NAME = AccentColor;
				CODE_SIGN_STYLE = Automatic;
				CURRENT_PROJECT_VERSION = 1;
				DEVELOPMENT_ASSET_PATHS = "\"Plan_With_Me/Preview Content\"";
				ENABLE_PREVIEWS = YES;
				GENERATE_INFOPLIST_FILE = YES;
				INFOPLIST_KEY_UIApplicationSceneManifest_Generation = YES;
				INFOPLIST_KEY_UIApplicationSupportsIndirectInputEvents = YES;
				INFOPLIST_KEY_UILaunchScreen_Generation = YES;
				INFOPLIST_KEY_UISupportedInterfaceOrientations_iPad = "UIInterfaceOrientationPortrait UIInterfaceOrientationPortraitUpsideDown UIInterfaceOrientationLandscapeLeft UIInterfaceOrientationLandscapeRight";
				INFOPLIST_KEY_UISupportedInterfaceOrientations_iPhone = "UIInterfaceOrientationPortrait UIInterfaceOrientationLandscapeLeft UIInterfaceOrientationLandscapeRight";
				LD_RUNPATH_SEARCH_PATHS = (
					"$(inherited)",
					"@executable_path/Frameworks",
				);
				MARKETING_VERSION = 1.0;
				PRODUCT_BUNDLE_IDENTIFIER = "comp3097-G84.Plan-With-Me";
				PRODUCT_NAME = "$(TARGET_NAME)";
				SWIFT_EMIT_LOC_STRINGS = YES;
				SWIFT_VERSION = 5.0;
				TARGETED_DEVICE_FAMILY = "1,2";
			};
			name = Debug;
		};
		18277BBD2D6E201D0033F5C0 /* Release */ = {
			isa = XCBuildConfiguration;
			buildSettings = {
				ASSETCATALOG_COMPILER_APPICON_NAME = AppIcon;
				ASSETCATALOG_COMPILER_GLOBAL_ACCENT_COLOR_NAME = AccentColor;
				CODE_SIGN_STYLE = Automatic;
				CURRENT_PROJECT_VERSION = 1;
				DEVELOPMENT_ASSET_PATHS = "\"Plan_With_Me/Preview Content\"";
				ENABLE_PREVIEWS = YES;
				GENERATE_INFOPLIST_FILE = YES;
				INFOPLIST_KEY_UIApplicationSceneManifest_Generation = YES;
				INFOPLIST_KEY_UIApplicationSupportsIndirectInputEvents = YES;
				INFOPLIST_KEY_UILaunchScreen_Generation = YES;
				INFOPLIST_KEY_UISupportedInterfaceOrientations_iPad = "UIInterfaceOrientationPortrait UIInterfaceOrientationPortraitUpsideDown UIInterfaceOrientationLandscapeLeft UIInterfaceOrientationLandscapeRight";
				INFOPLIST_KEY_UISupportedInterfaceOrientations_iPhone = "UIInterfaceOrientationPortrait UIInterfaceOrientationLandscapeLeft UIInterfaceOrientationLandscapeRight";
				LD_RUNPATH_SEARCH_PATHS = (
					"$(inherited)",
					"@executable_path/Frameworks",
				);
				MARKETING_VERSION = 1.0;
				PRODUCT_BUNDLE_IDENTIFIER = "comp3097-G84.Plan-With-Me";
				PRODUCT_NAME = "$(TARGET_NAME)";
				SWIFT_EMIT_LOC_STRINGS = YES;
				SWIFT_VERSION = 5.0;
				TARGETED_DEVICE_FAMILY = "1,2";
			};
			name = Release;
		};
/* End XCBuildConfiguration section */

/* Begin XCConfigurationList section */
		18277BA82D6E201C0033F5C0 /* Build configuration list for PBXProject "Plan_With_Me" */ = {
			isa = XCConfigurationList;
			buildConfigurations = (
				18277BB92D6E201D0033F5C0 /* Debug */,
				18277BBA2D6E201D0033F5C0 /* Release */,
			);
			defaultConfigurationIsVisible = 0;
			defaultConfigurationName = Release;
		};
		18277BBB2D6E201D0033F5C0 /* Build configuration list for PBXNativeTarget "Plan_With_Me" */ = {
			isa = XCConfigurationList;
			buildConfigurations = (
				18277BBC2D6E201D0033F5C0 /* Debug */,
				18277BBD2D6E201D0033F5C0 /* Release */,
			);
			defaultConfigurationIsVisible = 0;
			defaultConfigurationName = Release;
		};
/* End XCConfigurationList section */

/* Begin XCVersionGroup section */
		2E21774B2D808EB9008996EA /* Model.xcdatamodeld */ = {
			isa = XCVersionGroup;
			children = (
				2E21774C2D808EB9008996EA /* Model.xcdatamodel */,
			);
			currentVersion = 2E21774C2D808EB9008996EA /* Model.xcdatamodel */;
			path = Model.xcdatamodeld;
			sourceTree = "<group>";
			versionGroupType = wrapper.xcdatamodel;
		};
/* End XCVersionGroup section */
	};
	rootObject = 18277BA52D6E201C0033F5C0 /* Project object */;
}
